
Microsoft Visual Studio Solution File, Format Version 12.00
# Visual Studio Version 16
VisualStudioVersion = 16.0.31005.135
MinimumVisualStudioVersion = 10.0.40219.1
Project("{2150E333-8FDC-42A3-9474-1A3956D46DE8}") = "WebApp", "WebApp", "{589330CC-7401-47D1-B768-DE9C20C4A197}"
EndProject
Project("{9A19103F-16F7-4668-BE54-9A1E7A4F7556}") = "WebAppAuth", "WebAppAuth\WebAppAuth.csproj", "{3C540127-8C26-42C8-9DF8-67A60FB40CC8}"
EndProject
Project("{9A19103F-16F7-4668-BE54-9A1E7A4F7556}") = "WebAppAuth.Identity.Web", "WebAppAuth.Identity.Web\WebAppAuth.Identity.Web.csproj", "{012C46D4-CA28-45E9-877B-471A0B729094}"
EndProject
Project("{2150E333-8FDC-42A3-9474-1A3956D46DE8}") = "WebAppCallingApi", "WebAppCallingApi", "{46044809-4ABE-4560-8141-D297E02051BF}"
EndProject
Project("{2150E333-8FDC-42A3-9474-1A3956D46DE8}") = "Microservices1", "Microservices1", "{C10A6109-719F-4818-B4F8-F508F2A448A2}"
EndProject
Project("{FAE04EC0-301F-11D3-BF4B-00C04F79EFBC}") = "M1.Api.One", "M1.Api.One\M1.Api.One.csproj", "{1AD122A6-3386-4E8B-9426-5DE021DD0E3F}"
EndProject
Project("{FAE04EC0-301F-11D3-BF4B-00C04F79EFBC}") = "M1.Api.Two", "M1.Api.Two\M1.Api.Two.csproj", "{5ED9109C-BA88-47AF-83CF-01DD5D88236A}"
EndProject
Project("{FAE04EC0-301F-11D3-BF4B-00C04F79EFBC}") = "M1.Web", "M1.Web\M1.Web.csproj", "{CD094437-F5E5-4F93-8D8E-0B4FE28453D2}"
EndProject
Project("{FAE04EC0-301F-11D3-BF4B-00C04F79EFBC}") = "M1.Api.Models", "M1.Api.Models\M1.Api.Models.csproj", "{17A26FDA-F08F-4775-8273-AADE4D3765F0}"
EndProject
Project("{FAE04EC0-301F-11D3-BF4B-00C04F79EFBC}") = "M1.Api.Core", "M1.Api.Core\M1.Api.Core.csproj", "{EA5C9FA3-23C5-48F9-B185-418105BAC8C9}"
EndProject
Global
	GlobalSection(SolutionConfigurationPlatforms) = preSolution
		Debug|Any CPU = Debug|Any CPU
		Release|Any CPU = Release|Any CPU
	EndGlobalSection
	GlobalSection(ProjectConfigurationPlatforms) = postSolution
		{3C540127-8C26-42C8-9DF8-67A60FB40CC8}.Debug|Any CPU.ActiveCfg = Debug|Any CPU
		{3C540127-8C26-42C8-9DF8-67A60FB40CC8}.Debug|Any CPU.Build.0 = Debug|Any CPU
		{3C540127-8C26-42C8-9DF8-67A60FB40CC8}.Release|Any CPU.ActiveCfg = Release|Any CPU
		{3C540127-8C26-42C8-9DF8-67A60FB40CC8}.Release|Any CPU.Build.0 = Release|Any CPU
		{012C46D4-CA28-45E9-877B-471A0B729094}.Debug|Any CPU.ActiveCfg = Debug|Any CPU
		{012C46D4-CA28-45E9-877B-471A0B729094}.Debug|Any CPU.Build.0 = Debug|Any CPU
		{012C46D4-CA28-45E9-877B-471A0B729094}.Release|Any CPU.ActiveCfg = Release|Any CPU
		{012C46D4-CA28-45E9-877B-471A0B729094}.Release|Any CPU.Build.0 = Release|Any CPU
		{1AD122A6-3386-4E8B-9426-5DE021DD0E3F}.Debug|Any CPU.ActiveCfg = Debug|Any CPU
		{1AD122A6-3386-4E8B-9426-5DE021DD0E3F}.Debug|Any CPU.Build.0 = Debug|Any CPU
		{1AD122A6-3386-4E8B-9426-5DE021DD0E3F}.Release|Any CPU.ActiveCfg = Release|Any CPU
		{1AD122A6-3386-4E8B-9426-5DE021DD0E3F}.Release|Any CPU.Build.0 = Release|Any CPU
		{5ED9109C-BA88-47AF-83CF-01DD5D88236A}.Debug|Any CPU.ActiveCfg = Debug|Any CPU
		{5ED9109C-BA88-47AF-83CF-01DD5D88236A}.Debug|Any CPU.Build.0 = Debug|Any CPU
		{5ED9109C-BA88-47AF-83CF-01DD5D88236A}.Release|Any CPU.ActiveCfg = Release|Any CPU
		{5ED9109C-BA88-47AF-83CF-01DD5D88236A}.Release|Any CPU.Build.0 = Release|Any CPU
		{CD094437-F5E5-4F93-8D8E-0B4FE28453D2}.Debug|Any CPU.ActiveCfg = Debug|Any CPU
		{CD094437-F5E5-4F93-8D8E-0B4FE28453D2}.Debug|Any CPU.Build.0 = Debug|Any CPU
		{CD094437-F5E5-4F93-8D8E-0B4FE28453D2}.Release|Any CPU.ActiveCfg = Release|Any CPU
		{CD094437-F5E5-4F93-8D8E-0B4FE28453D2}.Release|Any CPU.Build.0 = Release|Any CPU
		{17A26FDA-F08F-4775-8273-AADE4D3765F0}.Debug|Any CPU.ActiveCfg = Debug|Any CPU
		{17A26FDA-F08F-4775-8273-AADE4D3765F0}.Debug|Any CPU.Build.0 = Debug|Any CPU
		{17A26FDA-F08F-4775-8273-AADE4D3765F0}.Release|Any CPU.ActiveCfg = Release|Any CPU
		{17A26FDA-F08F-4775-8273-AADE4D3765F0}.Release|Any CPU.Build.0 = Release|Any CPU
		{EA5C9FA3-23C5-48F9-B185-418105BAC8C9}.Debug|Any CPU.ActiveCfg = Debug|Any CPU
		{EA5C9FA3-23C5-48F9-B185-418105BAC8C9}.Debug|Any CPU.Build.0 = Debug|Any CPU
		{EA5C9FA3-23C5-48F9-B185-418105BAC8C9}.Release|Any CPU.ActiveCfg = Release|Any CPU
		{EA5C9FA3-23C5-48F9-B185-418105BAC8C9}.Release|Any CPU.Build.0 = Release|Any CPU
	EndGlobalSection
	GlobalSection(SolutionProperties) = preSolution
		HideSolutionNode = FALSE
	EndGlobalSection
	GlobalSection(NestedProjects) = preSolution
		{3C540127-8C26-42C8-9DF8-67A60FB40CC8} = {589330CC-7401-47D1-B768-DE9C20C4A197}
		{012C46D4-CA28-45E9-877B-471A0B729094} = {589330CC-7401-47D1-B768-DE9C20C4A197}
		{C10A6109-719F-4818-B4F8-F508F2A448A2} = {46044809-4ABE-4560-8141-D297E02051BF}
		{1AD122A6-3386-4E8B-9426-5DE021DD0E3F} = {C10A6109-719F-4818-B4F8-F508F2A448A2}
		{5ED9109C-BA88-47AF-83CF-01DD5D88236A} = {C10A6109-719F-4818-B4F8-F508F2A448A2}
		{CD094437-F5E5-4F93-8D8E-0B4FE28453D2} = {C10A6109-719F-4818-B4F8-F508F2A448A2}
		{17A26FDA-F08F-4775-8273-AADE4D3765F0} = {C10A6109-719F-4818-B4F8-F508F2A448A2}
		{EA5C9FA3-23C5-48F9-B185-418105BAC8C9} = {C10A6109-719F-4818-B4F8-F508F2A448A2}
	EndGlobalSection
	GlobalSection(ExtensibilityGlobals) = postSolution
		SolutionGuid = {B9F7A1E9-EBDE-4859-8186-4D57DA26CD8E}
	EndGlobalSection
EndGlobal
